
Microsoft Visual Studio Solution File, Format Version 12.00
# Visual Studio Version 17
VisualStudioVersion = 17.14.36202.13 d17.14
MinimumVisualStudioVersion = 10.0.40219.1
Project("{F184B08F-C81C-45F6-A57F-5ABD9991F28F}") = "cine_view", "cine_view.vbproj", "{42A53920-FEBA-4FE1-8B71-A02E32294A5A}"
EndProject
Global
	GlobalSection(SolutionConfigurationPlatforms) = preSolution
		Debug|Any CPU = Debug|Any CPU
		Release|Any CPU = Release|Any CPU
	EndGlobalSection
	GlobalSection(ProjectConfigurationPlatforms) = postSolution
		{42A53920-FEBA-4FE1-8B71-A02E32294A5A}.Debug|Any CPU.ActiveCfg = Debug|Any CPU
		{42A53920-FEBA-4FE1-8B71-A02E32294A5A}.Debug|Any CPU.Build.0 = Debug|Any CPU
		{42A53920-FEBA-4FE1-8B71-A02E32294A5A}.Release|Any CPU.ActiveCfg = Release|Any CPU
		{42A53920-FEBA-4FE1-8B71-A02E32294A5A}.Release|Any CPU.Build.0 = Release|Any CPU
	EndGlobalSection
	GlobalSection(SolutionProperties) = preSolution
		HideSolutionNode = FALSE
	EndGlobalSection
	GlobalSection(ExtensibilityGlobals) = postSolution
		SolutionGuid = {4124B50A-1593-46B3-8E91-3AD0CAF2F0C0}
	EndGlobalSection
EndGlobal
